
Microsoft Visual Studio Solution File, Format Version 12.00
# Visual Studio Version 17
VisualStudioVersion = 17.3.32825.248
MinimumVisualStudioVersion = 10.0.40219.1
Project("{FAE04EC0-301F-11D3-BF4B-00C04F79EFBC}") = "OperatorExercise2", "OperatorExercise2\OperatorExercise2.csproj", "{ED843D1D-7D7F-477B-A7F0-1E2C7417CE8B}"
EndProject
Global
	GlobalSection(SolutionConfigurationPlatforms) = preSolution
		Debug|Any CPU = Debug|Any CPU
		Release|Any CPU = Release|Any CPU
	EndGlobalSection
	GlobalSection(ProjectConfigurationPlatforms) = postSolution
		{ED843D1D-7D7F-477B-A7F0-1E2C7417CE8B}.Debug|Any CPU.ActiveCfg = Debug|Any CPU
		{ED843D1D-7D7F-477B-A7F0-1E2C7417CE8B}.Debug|Any CPU.Build.0 = Debug|Any CPU
		{ED843D1D-7D7F-477B-A7F0-1E2C7417CE8B}.Release|Any CPU.ActiveCfg = Release|Any CPU
		{ED843D1D-7D7F-477B-A7F0-1E2C7417CE8B}.Release|Any CPU.Build.0 = Release|Any CPU
	EndGlobalSection
	GlobalSection(SolutionProperties) = preSolution
		HideSolutionNode = FALSE
	EndGlobalSection
	GlobalSection(ExtensibilityGlobals) = postSolution
		SolutionGuid = {876D851A-AACA-4945-9029-C229C9B6CEA4}
	EndGlobalSection
EndGlobal
